// !$*UTF8*$!
{
	archiveVersion = 1;
	classes = {
	};
	objectVersion = 56;
	objects = {

/* Begin PBXBuildFile section */
		65F2CC992B134B70006D25E6 /* DevnoteApp.swift in Sources */ = {isa = PBXBuildFile; fileRef = 65F2CC982B134B70006D25E6 /* DevnoteApp.swift */; };
		65F2CC9B2B134B70006D25E6 /* ContentView.swift in Sources */ = {isa = PBXBuildFile; fileRef = 65F2CC9A2B134B70006D25E6 /* ContentView.swift */; };
		65F2CC9D2B134B71006D25E6 /* Assets.xcassets in Resources */ = {isa = PBXBuildFile; fileRef = 65F2CC9C2B134B71006D25E6 /* Assets.xcassets */; };
		65F2CCA02B134B71006D25E6 /* Preview Assets.xcassets in Resources */ = {isa = PBXBuildFile; fileRef = 65F2CC9F2B134B71006D25E6 /* Preview Assets.xcassets */; };
		65F2CCA22B134B71006D25E6 /* Persistence.swift in Sources */ = {isa = PBXBuildFile; fileRef = 65F2CCA12B134B71006D25E6 /* Persistence.swift */; };
		65F2CCA52B134B71006D25E6 /* Devnote.xcdatamodeld in Sources */ = {isa = PBXBuildFile; fileRef = 65F2CCA32B134B71006D25E6 /* Devnote.xcdatamodeld */; };
		65F2CCAE2B134CA9006D25E6 /* sound-rise.mp3 in Resources */ = {isa = PBXBuildFile; fileRef = 65F2CCAB2B134CA9006D25E6 /* sound-rise.mp3 */; };
		65F2CCAF2B134CA9006D25E6 /* sound-ding.mp3 in Resources */ = {isa = PBXBuildFile; fileRef = 65F2CCAC2B134CA9006D25E6 /* sound-ding.mp3 */; };
		65F2CCB02B134CA9006D25E6 /* sound-tap.mp3 in Resources */ = {isa = PBXBuildFile; fileRef = 65F2CCAD2B134CA9006D25E6 /* sound-tap.mp3 */; };
		65F2CCBE2B13575C006D25E6 /* Constant.swift in Sources */ = {isa = PBXBuildFile; fileRef = 65F2CCBD2B13575C006D25E6 /* Constant.swift */; };
/* End PBXBuildFile section */

/* Begin PBXFileReference section */
		65F2CC952B134B70006D25E6 /* Devnote.app */ = {isa = PBXFileReference; explicitFileType = wrapper.application; includeInIndex = 0; path = Devnote.app; sourceTree = BUILT_PRODUCTS_DIR; };
		65F2CC982B134B70006D25E6 /* DevnoteApp.swift */ = {isa = PBXFileReference; lastKnownFileType = sourcecode.swift; path = DevnoteApp.swift; sourceTree = "<group>"; };
		65F2CC9A2B134B70006D25E6 /* ContentView.swift */ = {isa = PBXFileReference; lastKnownFileType = sourcecode.swift; path = ContentView.swift; sourceTree = "<group>"; };
		65F2CC9C2B134B71006D25E6 /* Assets.xcassets */ = {isa = PBXFileReference; lastKnownFileType = folder.assetcatalog; path = Assets.xcassets; sourceTree = "<group>"; };
		65F2CC9F2B134B71006D25E6 /* Preview Assets.xcassets */ = {isa = PBXFileReference; lastKnownFileType = folder.assetcatalog; path = "Preview Assets.xcassets"; sourceTree = "<group>"; };
		65F2CCA12B134B71006D25E6 /* Persistence.swift */ = {isa = PBXFileReference; lastKnownFileType = sourcecode.swift; path = Persistence.swift; sourceTree = "<group>"; };
		65F2CCA42B134B71006D25E6 /* Devnote.xcdatamodel */ = {isa = PBXFileReference; lastKnownFileType = wrapper.xcdatamodel; path = Devnote.xcdatamodel; sourceTree = "<group>"; };
		65F2CCAB2B134CA9006D25E6 /* sound-rise.mp3 */ = {isa = PBXFileReference; lastKnownFileType = audio.mp3; path = "sound-rise.mp3"; sourceTree = "<group>"; };
		65F2CCAC2B134CA9006D25E6 /* sound-ding.mp3 */ = {isa = PBXFileReference; lastKnownFileType = audio.mp3; path = "sound-ding.mp3"; sourceTree = "<group>"; };
		65F2CCAD2B134CA9006D25E6 /* sound-tap.mp3 */ = {isa = PBXFileReference; lastKnownFileType = audio.mp3; path = "sound-tap.mp3"; sourceTree = "<group>"; };
		65F2CCB82B134EA5006D25E6 /* Info.plist */ = {isa = PBXFileReference; lastKnownFileType = text.plist.xml; path = Info.plist; sourceTree = "<group>"; };
		65F2CCBD2B13575C006D25E6 /* Constant.swift */ = {isa = PBXFileReference; lastKnownFileType = sourcecode.swift; path = Constant.swift; sourceTree = "<group>"; };
/* End PBXFileReference section */

/* Begin PBXFrameworksBuildPhase section */
		65F2CC922B134B70006D25E6 /* Frameworks */ = {
			isa = PBXFrameworksBuildPhase;
			buildActionMask = 2147483647;
			files = (
			);
			runOnlyForDeploymentPostprocessing = 0;
		};
/* End PBXFrameworksBuildPhase section */

/* Begin PBXGroup section */
		65F2CC8C2B134B70006D25E6 = {
			isa = PBXGroup;
			children = (
				65F2CC972B134B70006D25E6 /* Devnote */,
				65F2CC962B134B70006D25E6 /* Products */,
			);
			sourceTree = "<group>";
		};
		65F2CC962B134B70006D25E6 /* Products */ = {
			isa = PBXGroup;
			children = (
				65F2CC952B134B70006D25E6 /* Devnote.app */,
			);
			name = Products;
			sourceTree = "<group>";
		};
		65F2CC972B134B70006D25E6 /* Devnote */ = {
			isa = PBXGroup;
			children = (
				65F2CCB72B134E54006D25E6 /* App */,
				65F2CCB22B134CCB006D25E6 /* View */,
				65F2CCB62B134D0C006D25E6 /* Model */,
				65F2CCB52B134CE9006D25E6 /* Style */,
				65F2CCB42B134CD9006D25E6 /* Utility */,
				65F2CCB32B134CD4006D25E6 /* Extension */,
				65F2CCB12B134CAF006D25E6 /* Sound */,
				65F2CCB82B134EA5006D25E6 /* Info.plist */,
				65F2CC9C2B134B71006D25E6 /* Assets.xcassets */,
				65F2CC9E2B134B71006D25E6 /* Preview Content */,
			);
			path = Devnote;
			sourceTree = "<group>";
		};
		65F2CC9E2B134B71006D25E6 /* Preview Content */ = {
			isa = PBXGroup;
			children = (
				65F2CC9F2B134B71006D25E6 /* Preview Assets.xcassets */,
			);
			path = "Preview Content";
			sourceTree = "<group>";
		};
		65F2CCB12B134CAF006D25E6 /* Sound */ = {
			isa = PBXGroup;
			children = (
				65F2CCAC2B134CA9006D25E6 /* sound-ding.mp3 */,
				65F2CCAB2B134CA9006D25E6 /* sound-rise.mp3 */,
				65F2CCAD2B134CA9006D25E6 /* sound-tap.mp3 */,
			);
			path = Sound;
			sourceTree = "<group>";
		};
		65F2CCB22B134CCB006D25E6 /* View */ = {
			isa = PBXGroup;
			children = (
				65F2CC9A2B134B70006D25E6 /* ContentView.swift */,
			);
			path = View;
			sourceTree = "<group>";
		};
		65F2CCB32B134CD4006D25E6 /* Extension */ = {
			isa = PBXGroup;
			children = (
			);
			path = Extension;
			sourceTree = "<group>";
		};
		65F2CCB42B134CD9006D25E6 /* Utility */ = {
			isa = PBXGroup;
			children = (
				65F2CCBD2B13575C006D25E6 /* Constant.swift */,
			);
			path = Utility;
			sourceTree = "<group>";
		};
		65F2CCB52B134CE9006D25E6 /* Style */ = {
			isa = PBXGroup;
			children = (
			);
			path = Style;
			sourceTree = "<group>";
		};
		65F2CCB62B134D0C006D25E6 /* Model */ = {
			isa = PBXGroup;
			children = (
				65F2CCA12B134B71006D25E6 /* Persistence.swift */,
				65F2CCA32B134B71006D25E6 /* Devnote.xcdatamodeld */,
			);
			path = Model;
			sourceTree = "<group>";
		};
		65F2CCB72B134E54006D25E6 /* App */ = {
			isa = PBXGroup;
			children = (
				65F2CC982B134B70006D25E6 /* DevnoteApp.swift */,
			);
			name = App;
			path = "Aşş";
			sourceTree = "<group>";
		};
/* End PBXGroup section */

/* Begin PBXNativeTarget section */
		65F2CC942B134B70006D25E6 /* Devnote */ = {
			isa = PBXNativeTarget;
			buildConfigurationList = 65F2CCA82B134B71006D25E6 /* Build configuration list for PBXNativeTarget "Devnote" */;
			buildPhases = (
				65F2CC912B134B70006D25E6 /* Sources */,
				65F2CC922B134B70006D25E6 /* Frameworks */,
				65F2CC932B134B70006D25E6 /* Resources */,
			);
			buildRules = (
			);
			dependencies = (
			);
			name = Devnote;
			productName = Devnote;
			productReference = 65F2CC952B134B70006D25E6 /* Devnote.app */;
			productType = "com.apple.product-type.application";
		};
/* End PBXNativeTarget section */

/* Begin PBXProject section */
		65F2CC8D2B134B70006D25E6 /* Project object */ = {
			isa = PBXProject;
			attributes = {
				BuildIndependentTargetsInParallel = 1;
				LastSwiftUpdateCheck = 1500;
				LastUpgradeCheck = 1500;
				TargetAttributes = {
					65F2CC942B134B70006D25E6 = {
						CreatedOnToolsVersion = 15.0;
					};
				};
			};
			buildConfigurationList = 65F2CC902B134B70006D25E6 /* Build configuration list for PBXProject "Devnote" */;
			compatibilityVersion = "Xcode 14.0";
			developmentRegion = en;
			hasScannedForEncodings = 0;
			knownRegions = (
				en,
				Base,
			);
			mainGroup = 65F2CC8C2B134B70006D25E6;
			productRefGroup = 65F2CC962B134B70006D25E6 /* Products */;
			projectDirPath = "";
			projectRoot = "";
			targets = (
				65F2CC942B134B70006D25E6 /* Devnote */,
			);
		};
/* End PBXProject section */

/* Begin PBXResourcesBuildPhase section */
		65F2CC932B134B70006D25E6 /* Resources */ = {
			isa = PBXResourcesBuildPhase;
			buildActionMask = 2147483647;
			files = (
				65F2CCAF2B134CA9006D25E6 /* sound-ding.mp3 in Resources */,
				65F2CCAE2B134CA9006D25E6 /* sound-rise.mp3 in Resources */,
				65F2CCA02B134B71006D25E6 /* Preview Assets.xcassets in Resources */,
				65F2CCB02B134CA9006D25E6 /* sound-tap.mp3 in Resources */,
				65F2CC9D2B134B71006D25E6 /* Assets.xcassets in Resources */,
			);
			runOnlyForDeploymentPostprocessing = 0;
		};
/* End PBXResourcesBuildPhase section */

/* Begin PBXSourcesBuildPhase section */
		65F2CC912B134B70006D25E6 /* Sources */ = {
			isa = PBXSourcesBuildPhase;
			buildActionMask = 2147483647;
			files = (
				65F2CCA22B134B71006D25E6 /* Persistence.swift in Sources */,
				65F2CCA52B134B71006D25E6 /* Devnote.xcdatamodeld in Sources */,
				65F2CCBE2B13575C006D25E6 /* Constant.swift in Sources */,
				65F2CC9B2B134B70006D25E6 /* ContentView.swift in Sources */,
				65F2CC992B134B70006D25E6 /* DevnoteApp.swift in Sources */,
			);
			runOnlyForDeploymentPostprocessing = 0;
		};
/* End PBXSourcesBuildPhase section */

/* Begin XCBuildConfiguration section */
		65F2CCA62B134B71006D25E6 /* Debug */ = {
			isa = XCBuildConfiguration;
			buildSettings = {
				ALWAYS_SEARCH_USER_PATHS = NO;
				ASSETCATALOG_COMPILER_GENERATE_SWIFT_ASSET_SYMBOL_EXTENSIONS = YES;
				CLANG_ANALYZER_NONNULL = YES;
				CLANG_ANALYZER_NUMBER_OBJECT_CONVERSION = YES_AGGRESSIVE;
				CLANG_CXX_LANGUAGE_STANDARD = "gnu++20";
				CLANG_ENABLE_MODULES = YES;
				CLANG_ENABLE_OBJC_ARC = YES;
				CLANG_ENABLE_OBJC_WEAK = YES;
				CLANG_WARN_BLOCK_CAPTURE_AUTORELEASING = YES;
				CLANG_WARN_BOOL_CONVERSION = YES;
				CLANG_WARN_COMMA = YES;
				CLANG_WARN_CONSTANT_CONVERSION = YES;
				CLANG_WARN_DEPRECATED_OBJC_IMPLEMENTATIONS = YES;
				CLANG_WARN_DIRECT_OBJC_ISA_USAGE = YES_ERROR;
				CLANG_WARN_DOCUMENTATION_COMMENTS = YES;
				CLANG_WARN_EMPTY_BODY = YES;
				CLANG_WARN_ENUM_CONVERSION = YES;
				CLANG_WARN_INFINITE_RECURSION = YES;
				CLANG_WARN_INT_CONVERSION = YES;
				CLANG_WARN_NON_LITERAL_NULL_CONVERSION = YES;
				CLANG_WARN_OBJC_IMPLICIT_RETAIN_SELF = YES;
				CLANG_WARN_OBJC_LITERAL_CONVERSION = YES;
				CLANG_WARN_OBJC_ROOT_CLASS = YES_ERROR;
				CLANG_WARN_QUOTED_INCLUDE_IN_FRAMEWORK_HEADER = YES;
				CLANG_WARN_RANGE_LOOP_ANALYSIS = YES;
				CLANG_WARN_STRICT_PROTOTYPES = YES;
				CLANG_WARN_SUSPICIOUS_MOVE = YES;
				CLANG_WARN_UNGUARDED_AVAILABILITY = YES_AGGRESSIVE;
				CLANG_WARN_UNREACHABLE_CODE = YES;
				CLANG_WARN__DUPLICATE_METHOD_MATCH = YES;
				COPY_PHASE_STRIP = NO;
				DEBUG_INFORMATION_FORMAT = dwarf;
				ENABLE_STRICT_OBJC_MSGSEND = YES;
				ENABLE_TESTABILITY = YES;
				ENABLE_USER_SCRIPT_SANDBOXING = YES;
				GCC_C_LANGUAGE_STANDARD = gnu17;
				GCC_DYNAMIC_NO_PIC = NO;
				GCC_NO_COMMON_BLOCKS = YES;
				GCC_OPTIMIZATION_LEVEL = 0;
				GCC_PREPROCESSOR_DEFINITIONS = (
					"DEBUG=1",
					"$(inherited)",
				);
				GCC_WARN_64_TO_32_BIT_CONVERSION = YES;
				GCC_WARN_ABOUT_RETURN_TYPE = YES_ERROR;
				GCC_WARN_UNDECLARED_SELECTOR = YES;
				GCC_WARN_UNINITIALIZED_AUTOS = YES_AGGRESSIVE;
				GCC_WARN_UNUSED_FUNCTION = YES;
				GCC_WARN_UNUSED_VARIABLE = YES;
				IPHONEOS_DEPLOYMENT_TARGET = 14.3;
				LOCALIZATION_PREFERS_STRING_CATALOGS = YES;
				MTL_ENABLE_DEBUG_INFO = INCLUDE_SOURCE;
				MTL_FAST_MATH = YES;
				ONLY_ACTIVE_ARCH = YES;
				SDKROOT = iphoneos;
				SWIFT_ACTIVE_COMPILATION_CONDITIONS = "DEBUG $(inherited)";
				SWIFT_OPTIMIZATION_LEVEL = "-Onone";
			};
			name = Debug;
		};
		65F2CCA72B134B71006D25E6 /* Release */ = {
			isa = XCBuildConfiguration;
			buildSettings = {
				ALWAYS_SEARCH_USER_PATHS = NO;
				ASSETCATALOG_COMPILER_GENERATE_SWIFT_ASSET_SYMBOL_EXTENSIONS = YES;
				CLANG_ANALYZER_NONNULL = YES;
				CLANG_ANALYZER_NUMBER_OBJECT_CONVERSION = YES_AGGRESSIVE;
				CLANG_CXX_LANGUAGE_STANDARD = "gnu++20";
				CLANG_ENABLE_MODULES = YES;
				CLANG_ENABLE_OBJC_ARC = YES;
				CLANG_ENABLE_OBJC_WEAK = YES;
				CLANG_WARN_BLOCK_CAPTURE_AUTORELEASING = YES;
				CLANG_WARN_BOOL_CONVERSION = YES;
				CLANG_WARN_COMMA = YES;
				CLANG_WARN_CONSTANT_CONVERSION = YES;
				CLANG_WARN_DEPRECATED_OBJC_IMPLEMENTATIONS = YES;
				CLANG_WARN_DIRECT_OBJC_ISA_USAGE = YES_ERROR;
				CLANG_WARN_DOCUMENTATION_COMMENTS = YES;
				CLANG_WARN_EMPTY_BODY = YES;
				CLANG_WARN_ENUM_CONVERSION = YES;
				CLANG_WARN_INFINITE_RECURSION = YES;
				CLANG_WARN_INT_CONVERSION = YES;
				CLANG_WARN_NON_LITERAL_NULL_CONVERSION = YES;
				CLANG_WARN_OBJC_IMPLICIT_RETAIN_SELF = YES;
				CLANG_WARN_OBJC_LITERAL_CONVERSION = YES;
				CLANG_WARN_OBJC_ROOT_CLASS = YES_ERROR;
				CLANG_WARN_QUOTED_INCLUDE_IN_FRAMEWORK_HEADER = YES;
				CLANG_WARN_RANGE_LOOP_ANALYSIS = YES;
				CLANG_WARN_STRICT_PROTOTYPES = YES;
				CLANG_WARN_SUSPICIOUS_MOVE = YES;
				CLANG_WARN_UNGUARDED_AVAILABILITY = YES_AGGRESSIVE;
				CLANG_WARN_UNREACHABLE_CODE = YES;
				CLANG_WARN__DUPLICATE_METHOD_MATCH = YES;
				COPY_PHASE_STRIP = NO;
				DEBUG_INFORMATION_FORMAT = "dwarf-with-dsym";
				ENABLE_NS_ASSERTIONS = NO;
				ENABLE_STRICT_OBJC_MSGSEND = YES;
				ENABLE_USER_SCRIPT_SANDBOXING = YES;
				GCC_C_LANGUAGE_STANDARD = gnu17;
				GCC_NO_COMMON_BLOCKS = YES;
				GCC_WARN_64_TO_32_BIT_CONVERSION = YES;
				GCC_WARN_ABOUT_RETURN_TYPE = YES_ERROR;
				GCC_WARN_UNDECLARED_SELECTOR = YES;
				GCC_WARN_UNINITIALIZED_AUTOS = YES_AGGRESSIVE;
				GCC_WARN_UNUSED_FUNCTION = YES;
				GCC_WARN_UNUSED_VARIABLE = YES;
				IPHONEOS_DEPLOYMENT_TARGET = 14.3;
				LOCALIZATION_PREFERS_STRING_CATALOGS = YES;
				MTL_ENABLE_DEBUG_INFO = NO;
				MTL_FAST_MATH = YES;
				SDKROOT = iphoneos;
				SWIFT_COMPILATION_MODE = wholemodule;
				VALIDATE_PRODUCT = YES;
			};
			name = Release;
		};
		65F2CCA92B134B71006D25E6 /* Debug */ = {
			isa = XCBuildConfiguration;
			buildSettings = {
				ASSETCATALOG_COMPILER_APPICON_NAME = AppIcon;
				ASSETCATALOG_COMPILER_GLOBAL_ACCENT_COLOR_NAME = AccentColor;
				CODE_SIGN_STYLE = Automatic;
				CURRENT_PROJECT_VERSION = 1;
				DEVELOPMENT_ASSET_PATHS = "\"Devnote/Preview Content\"";
				DEVELOPMENT_TEAM = Y9XJT8FRMC;
				ENABLE_PREVIEWS = YES;
				GENERATE_INFOPLIST_FILE = YES;
				INFOPLIST_FILE = Devnote/Info.plist;
				INFOPLIST_KEY_UIApplicationSceneManifest_Generation = YES;
				INFOPLIST_KEY_UIApplicationSupportsIndirectInputEvents = YES;
				INFOPLIST_KEY_UISupportedInterfaceOrientations = UIInterfaceOrientationPortrait;
				IPHONEOS_DEPLOYMENT_TARGET = 14.3;
				LD_RUNPATH_SEARCH_PATHS = (
					"$(inherited)",
					"@executable_path/Frameworks",
				);
				MARKETING_VERSION = 1.0;
				PRODUCT_BUNDLE_IDENTIFIER = com.furkancingoz.Devnote;
				PRODUCT_NAME = "$(TARGET_NAME)";
				SWIFT_EMIT_LOC_STRINGS = YES;
				SWIFT_VERSION = 5.0;
				TARGETED_DEVICE_FAMILY = "1,2";
			};
			name = Debug;
		};
		65F2CCAA2B134B71006D25E6 /* Release */ = {
			isa = XCBuildConfiguration;
			buildSettings = {
				ASSETCATALOG_COMPILER_APPICON_NAME = AppIcon;
				ASSETCATALOG_COMPILER_GLOBAL_ACCENT_COLOR_NAME = AccentColor;
				CODE_SIGN_STYLE = Automatic;
				CURRENT_PROJECT_VERSION = 1;
				DEVELOPMENT_ASSET_PATHS = "\"Devnote/Preview Content\"";
				DEVELOPMENT_TEAM = Y9XJT8FRMC;
				ENABLE_PREVIEWS = YES;
				GENERATE_INFOPLIST_FILE = YES;
				INFOPLIST_FILE = Devnote/Info.plist;
				INFOPLIST_KEY_UIApplicationSceneManifest_Generation = YES;
				INFOPLIST_KEY_UIApplicationSupportsIndirectInputEvents = YES;
				INFOPLIST_KEY_UISupportedInterfaceOrientations = UIInterfaceOrientationPortrait;
				IPHONEOS_DEPLOYMENT_TARGET = 14.3;
				LD_RUNPATH_SEARCH_PATHS = (
					"$(inherited)",
					"@executable_path/Frameworks",
				);
				MARKETING_VERSION = 1.0;
				PRODUCT_BUNDLE_IDENTIFIER = com.furkancingoz.Devnote;
				PRODUCT_NAME = "$(TARGET_NAME)";
				SWIFT_EMIT_LOC_STRINGS = YES;
				SWIFT_VERSION = 5.0;
				TARGETED_DEVICE_FAMILY = "1,2";
			};
			name = Release;
		};
/* End XCBuildConfiguration section */

/* Begin XCConfigurationList section */
		65F2CC902B134B70006D25E6 /* Build configuration list for PBXProject "Devnote" */ = {
			isa = XCConfigurationList;
			buildConfigurations = (
				65F2CCA62B134B71006D25E6 /* Debug */,
				65F2CCA72B134B71006D25E6 /* Release */,
			);
			defaultConfigurationIsVisible = 0;
			defaultConfigurationName = Release;
		};
		65F2CCA82B134B71006D25E6 /* Build configuration list for PBXNativeTarget "Devnote" */ = {
			isa = XCConfigurationList;
			buildConfigurations = (
				65F2CCA92B134B71006D25E6 /* Debug */,
				65F2CCAA2B134B71006D25E6 /* Release */,
			);
			defaultConfigurationIsVisible = 0;
			defaultConfigurationName = Release;
		};
/* End XCConfigurationList section */

/* Begin XCVersionGroup section */
		65F2CCA32B134B71006D25E6 /* Devnote.xcdatamodeld */ = {
			isa = XCVersionGroup;
			children = (
				65F2CCA42B134B71006D25E6 /* Devnote.xcdatamodel */,
			);
			currentVersion = 65F2CCA42B134B71006D25E6 /* Devnote.xcdatamodel */;
			path = Devnote.xcdatamodeld;
			sourceTree = "<group>";
			versionGroupType = wrapper.xcdatamodel;
		};
/* End XCVersionGroup section */
	};
	rootObject = 65F2CC8D2B134B70006D25E6 /* Project object */;
}
